// !$*UTF8*$!
{
	archiveVersion = 1;
	classes = {
	};
	objectVersion = 51;
	objects = {

/* Begin PBXBuildFile section */
		041A67F024386477000559E8 /* AppDelegate.swift in Sources */ = {isa = PBXBuildFile; fileRef = 041A67EF24386477000559E8 /* AppDelegate.swift */; };
		041A67F224386477000559E8 /* SceneDelegate.swift in Sources */ = {isa = PBXBuildFile; fileRef = 041A67F124386477000559E8 /* SceneDelegate.swift */; };
		041A67F424386477000559E8 /* ViewController.swift in Sources */ = {isa = PBXBuildFile; fileRef = 041A67F324386477000559E8 /* ViewController.swift */; };
		041A67F924386478000559E8 /* Assets.xcassets in Resources */ = {isa = PBXBuildFile; fileRef = 041A67F824386478000559E8 /* Assets.xcassets */; };
		041A67FC24386478000559E8 /* LaunchScreen.storyboard in Resources */ = {isa = PBXBuildFile; fileRef = 041A67FA24386478000559E8 /* LaunchScreen.storyboard */; };
		041A680A243864FD000559E8 /* Poppins-Light.ttf in Resources */ = {isa = PBXBuildFile; fileRef = 041A6806243864FD000559E8 /* Poppins-Light.ttf */; };
		041A680B243864FD000559E8 /* Poppins-Medium.ttf in Resources */ = {isa = PBXBuildFile; fileRef = 041A6807243864FD000559E8 /* Poppins-Medium.ttf */; };
		041A680C243864FD000559E8 /* Poppins-Regular.ttf in Resources */ = {isa = PBXBuildFile; fileRef = 041A6808243864FD000559E8 /* Poppins-Regular.ttf */; };
		041A680D243864FD000559E8 /* Poppins-Bold.ttf in Resources */ = {isa = PBXBuildFile; fileRef = 041A6809243864FD000559E8 /* Poppins-Bold.ttf */; };
		041A682E2438650F000559E8 /* Constants.swift in Sources */ = {isa = PBXBuildFile; fileRef = 041A68102438650E000559E8 /* Constants.swift */; };
		041A682F2438650F000559E8 /* ApiConstants.swift in Sources */ = {isa = PBXBuildFile; fileRef = 041A68112438650E000559E8 /* ApiConstants.swift */; };
		041A68302438650F000559E8 /* AppColor.swift in Sources */ = {isa = PBXBuildFile; fileRef = 041A68122438650E000559E8 /* AppColor.swift */; };
		041A68312438650F000559E8 /* FontConstants.swift in Sources */ = {isa = PBXBuildFile; fileRef = 041A68132438650E000559E8 /* FontConstants.swift */; };
		041A68322438650F000559E8 /* BaseViewController.swift in Sources */ = {isa = PBXBuildFile; fileRef = 041A68152438650E000559E8 /* BaseViewController.swift */; };
		041A68332438650F000559E8 /* HorizontalStackView.swift in Sources */ = {isa = PBXBuildFile; fileRef = 041A68162438650E000559E8 /* HorizontalStackView.swift */; };
		041A68342438650F000559E8 /* VerticalStackView.swift in Sources */ = {isa = PBXBuildFile; fileRef = 041A68172438650E000559E8 /* VerticalStackView.swift */; };
		041A68352438650F000559E8 /* UILabel+Ext.swift in Sources */ = {isa = PBXBuildFile; fileRef = 041A68192438650E000559E8 /* UILabel+Ext.swift */; };
		041A68362438650F000559E8 /* UIImageView+Ext.swift in Sources */ = {isa = PBXBuildFile; fileRef = 041A681A2438650E000559E8 /* UIImageView+Ext.swift */; };
		041A68372438650F000559E8 /* UIButton+Ext.swift in Sources */ = {isa = PBXBuildFile; fileRef = 041A681B2438650E000559E8 /* UIButton+Ext.swift */; };
		041A68382438650F000559E8 /* UIAnchor+Ext.swift in Sources */ = {isa = PBXBuildFile; fileRef = 041A681C2438650E000559E8 /* UIAnchor+Ext.swift */; };
		041A68392438650F000559E8 /* UIViewController+Ext.swift in Sources */ = {isa = PBXBuildFile; fileRef = 041A681D2438650E000559E8 /* UIViewController+Ext.swift */; };
		041A683A2438650F000559E8 /* UIView+Ext.swift in Sources */ = {isa = PBXBuildFile; fileRef = 041A681E2438650E000559E8 /* UIView+Ext.swift */; };
		041A683B2438650F000559E8 /* AlertHelper.swift in Sources */ = {isa = PBXBuildFile; fileRef = 041A68202438650E000559E8 /* AlertHelper.swift */; };
		041A683C2438650F000559E8 /* ApiRouter.swift in Sources */ = {isa = PBXBuildFile; fileRef = 041A68232438650F000559E8 /* ApiRouter.swift */; };
		041A683D2438650F000559E8 /* NetworkManager.swift in Sources */ = {isa = PBXBuildFile; fileRef = 041A68252438650F000559E8 /* NetworkManager.swift */; };
		041A683E2438650F000559E8 /* EndPointProtocol.swift in Sources */ = {isa = PBXBuildFile; fileRef = 041A68272438650F000559E8 /* EndPointProtocol.swift */; };
		041A683F2438650F000559E8 /* ServiceManager.swift in Sources */ = {isa = PBXBuildFile; fileRef = 041A68282438650F000559E8 /* ServiceManager.swift */; };
		041A68402438650F000559E8 /* NetworkProtocol.swift in Sources */ = {isa = PBXBuildFile; fileRef = 041A68292438650F000559E8 /* NetworkProtocol.swift */; };
		041A68412438650F000559E8 /* NetworkResponse.swift in Sources */ = {isa = PBXBuildFile; fileRef = 041A682B2438650F000559E8 /* NetworkResponse.swift */; };
		041A68422438650F000559E8 /* ApiClient.swift in Sources */ = {isa = PBXBuildFile; fileRef = 041A682D2438650F000559E8 /* ApiClient.swift */; };
		041A6845243865F9000559E8 /* MovieList.swift in Sources */ = {isa = PBXBuildFile; fileRef = 041A6844243865F9000559E8 /* MovieList.swift */; };
		041A68482438667D000559E8 /* MovieListCell.swift in Sources */ = {isa = PBXBuildFile; fileRef = 041A68472438667D000559E8 /* MovieListCell.swift */; };
		041A684A243867A5000559E8 /* MovieListViewModel.swift in Sources */ = {isa = PBXBuildFile; fileRef = 041A6849243867A5000559E8 /* MovieListViewModel.swift */; };
		041A684C2438690B000559E8 /* MovieListModel.swift in Sources */ = {isa = PBXBuildFile; fileRef = 041A684B2438690B000559E8 /* MovieListModel.swift */; };
		041A684E24386F2E000559E8 /* BaseCollectionViewController.swift in Sources */ = {isa = PBXBuildFile; fileRef = 041A684D24386F2E000559E8 /* BaseCollectionViewController.swift */; };
		041A685124387842000559E8 /* ShowTimeVC.swift in Sources */ = {isa = PBXBuildFile; fileRef = 041A685024387842000559E8 /* ShowTimeVC.swift */; };
		041A685324387863000559E8 /* ShowTimeView.swift in Sources */ = {isa = PBXBuildFile; fileRef = 041A685224387863000559E8 /* ShowTimeView.swift */; };
		041A685524399169000559E8 /* MovieHallModel.swift in Sources */ = {isa = PBXBuildFile; fileRef = 041A685424399169000559E8 /* MovieHallModel.swift */; };
		041A68572439929E000559E8 /* ShowTimeTable.swift in Sources */ = {isa = PBXBuildFile; fileRef = 041A68562439929E000559E8 /* ShowTimeTable.swift */; };
		041A6859243992BC000559E8 /* ShowTimeTableCell.swift in Sources */ = {isa = PBXBuildFile; fileRef = 041A6858243992BC000559E8 /* ShowTimeTableCell.swift */; };
		041A685B243997A1000559E8 /* MovieTimeCell.swift in Sources */ = {isa = PBXBuildFile; fileRef = 041A685A243997A1000559E8 /* MovieTimeCell.swift */; };
		041A685F243A3359000559E8 /* BookingVC.swift in Sources */ = {isa = PBXBuildFile; fileRef = 041A685E243A3359000559E8 /* BookingVC.swift */; };
		041A6861243A336B000559E8 /* BookingView.swift in Sources */ = {isa = PBXBuildFile; fileRef = 041A6860243A336B000559E8 /* BookingView.swift */; };
		041A6863243A3401000559E8 /* BookingCell.swift in Sources */ = {isa = PBXBuildFile; fileRef = 041A6862243A3401000559E8 /* BookingCell.swift */; };
		041A6865243A35B2000559E8 /* SeatsModel.swift in Sources */ = {isa = PBXBuildFile; fileRef = 041A6864243A35B2000559E8 /* SeatsModel.swift */; };
		041A6867243A3B04000559E8 /* BookingViewModel.swift in Sources */ = {isa = PBXBuildFile; fileRef = 041A6866243A3B04000559E8 /* BookingViewModel.swift */; };
		049139A7243C40EB0002D598 /* BookingToolbar.swift in Sources */ = {isa = PBXBuildFile; fileRef = 049139A6243C40EB0002D598 /* BookingToolbar.swift */; };
		049139A9243C52D90002D598 /* ShowTimeModel.swift in Sources */ = {isa = PBXBuildFile; fileRef = 049139A8243C52D90002D598 /* ShowTimeModel.swift */; };
		049139AC243C6A750002D598 /* TicketsVC.swift in Sources */ = {isa = PBXBuildFile; fileRef = 049139AB243C6A750002D598 /* TicketsVC.swift */; };
		049139AE243C6A8C0002D598 /* TicketsView.swift in Sources */ = {isa = PBXBuildFile; fileRef = 049139AD243C6A8C0002D598 /* TicketsView.swift */; };
		049139B0243C6B590002D598 /* TicketsViewModel.swift in Sources */ = {isa = PBXBuildFile; fileRef = 049139AF243C6B590002D598 /* TicketsViewModel.swift */; };
		049139B2243C6CCB0002D598 /* TicketsCell.swift in Sources */ = {isa = PBXBuildFile; fileRef = 049139B1243C6CCB0002D598 /* TicketsCell.swift */; };
		912721957AC1DD8652D19435 /* Pods_MovieBooking.framework in Frameworks */ = {isa = PBXBuildFile; fileRef = AB2F3E3EC528DF3E99E1623A /* Pods_MovieBooking.framework */; };
/* End PBXBuildFile section */

/* Begin PBXFileReference section */
		041A67EC24386477000559E8 /* MovieBooking.app */ = {isa = PBXFileReference; explicitFileType = wrapper.application; includeInIndex = 0; path = MovieBooking.app; sourceTree = BUILT_PRODUCTS_DIR; };
		041A67EF24386477000559E8 /* AppDelegate.swift */ = {isa = PBXFileReference; lastKnownFileType = sourcecode.swift; path = AppDelegate.swift; sourceTree = "<group>"; };
		041A67F124386477000559E8 /* SceneDelegate.swift */ = {isa = PBXFileReference; lastKnownFileType = sourcecode.swift; path = SceneDelegate.swift; sourceTree = "<group>"; };
		041A67F324386477000559E8 /* ViewController.swift */ = {isa = PBXFileReference; lastKnownFileType = sourcecode.swift; path = ViewController.swift; sourceTree = "<group>"; };
		041A67F824386478000559E8 /* Assets.xcassets */ = {isa = PBXFileReference; lastKnownFileType = folder.assetcatalog; path = Assets.xcassets; sourceTree = "<group>"; };
		041A67FB24386478000559E8 /* Base */ = {isa = PBXFileReference; lastKnownFileType = file.storyboard; name = Base; path = Base.lproj/LaunchScreen.storyboard; sourceTree = "<group>"; };
		041A67FD24386478000559E8 /* Info.plist */ = {isa = PBXFileReference; lastKnownFileType = text.plist.xml; path = Info.plist; sourceTree = "<group>"; };
		041A6806243864FD000559E8 /* Poppins-Light.ttf */ = {isa = PBXFileReference; lastKnownFileType = file; path = "Poppins-Light.ttf"; sourceTree = "<group>"; };
		041A6807243864FD000559E8 /* Poppins-Medium.ttf */ = {isa = PBXFileReference; lastKnownFileType = file; path = "Poppins-Medium.ttf"; sourceTree = "<group>"; };
		041A6808243864FD000559E8 /* Poppins-Regular.ttf */ = {isa = PBXFileReference; lastKnownFileType = file; path = "Poppins-Regular.ttf"; sourceTree = "<group>"; };
		041A6809243864FD000559E8 /* Poppins-Bold.ttf */ = {isa = PBXFileReference; lastKnownFileType = file; path = "Poppins-Bold.ttf"; sourceTree = "<group>"; };
		041A68102438650E000559E8 /* Constants.swift */ = {isa = PBXFileReference; fileEncoding = 4; lastKnownFileType = sourcecode.swift; path = Constants.swift; sourceTree = "<group>"; };
		041A68112438650E000559E8 /* ApiConstants.swift */ = {isa = PBXFileReference; fileEncoding = 4; lastKnownFileType = sourcecode.swift; path = ApiConstants.swift; sourceTree = "<group>"; };
		041A68122438650E000559E8 /* AppColor.swift */ = {isa = PBXFileReference; fileEncoding = 4; lastKnownFileType = sourcecode.swift; path = AppColor.swift; sourceTree = "<group>"; };
		041A68132438650E000559E8 /* FontConstants.swift */ = {isa = PBXFileReference; fileEncoding = 4; lastKnownFileType = sourcecode.swift; path = FontConstants.swift; sourceTree = "<group>"; };
		041A68152438650E000559E8 /* BaseViewController.swift */ = {isa = PBXFileReference; fileEncoding = 4; lastKnownFileType = sourcecode.swift; path = BaseViewController.swift; sourceTree = "<group>"; };
		041A68162438650E000559E8 /* HorizontalStackView.swift */ = {isa = PBXFileReference; fileEncoding = 4; lastKnownFileType = sourcecode.swift; path = HorizontalStackView.swift; sourceTree = "<group>"; };
		041A68172438650E000559E8 /* VerticalStackView.swift */ = {isa = PBXFileReference; fileEncoding = 4; lastKnownFileType = sourcecode.swift; path = VerticalStackView.swift; sourceTree = "<group>"; };
		041A68192438650E000559E8 /* UILabel+Ext.swift */ = {isa = PBXFileReference; fileEncoding = 4; lastKnownFileType = sourcecode.swift; path = "UILabel+Ext.swift"; sourceTree = "<group>"; };
		041A681A2438650E000559E8 /* UIImageView+Ext.swift */ = {isa = PBXFileReference; fileEncoding = 4; lastKnownFileType = sourcecode.swift; path = "UIImageView+Ext.swift"; sourceTree = "<group>"; };
		041A681B2438650E000559E8 /* UIButton+Ext.swift */ = {isa = PBXFileReference; fileEncoding = 4; lastKnownFileType = sourcecode.swift; path = "UIButton+Ext.swift"; sourceTree = "<group>"; };
		041A681C2438650E000559E8 /* UIAnchor+Ext.swift */ = {isa = PBXFileReference; fileEncoding = 4; lastKnownFileType = sourcecode.swift; path = "UIAnchor+Ext.swift"; sourceTree = "<group>"; };
		041A681D2438650E000559E8 /* UIViewController+Ext.swift */ = {isa = PBXFileReference; fileEncoding = 4; lastKnownFileType = sourcecode.swift; path = "UIViewController+Ext.swift"; sourceTree = "<group>"; };
		041A681E2438650E000559E8 /* UIView+Ext.swift */ = {isa = PBXFileReference; fileEncoding = 4; lastKnownFileType = sourcecode.swift; path = "UIView+Ext.swift"; sourceTree = "<group>"; };
		041A68202438650E000559E8 /* AlertHelper.swift */ = {isa = PBXFileReference; fileEncoding = 4; lastKnownFileType = sourcecode.swift; path = AlertHelper.swift; sourceTree = "<group>"; };
		041A68232438650F000559E8 /* ApiRouter.swift */ = {isa = PBXFileReference; fileEncoding = 4; lastKnownFileType = sourcecode.swift; path = ApiRouter.swift; sourceTree = "<group>"; };
		041A68252438650F000559E8 /* NetworkManager.swift */ = {isa = PBXFileReference; fileEncoding = 4; lastKnownFileType = sourcecode.swift; path = NetworkManager.swift; sourceTree = "<group>"; };
		041A68272438650F000559E8 /* EndPointProtocol.swift */ = {isa = PBXFileReference; fileEncoding = 4; lastKnownFileType = sourcecode.swift; path = EndPointProtocol.swift; sourceTree = "<group>"; };
		041A68282438650F000559E8 /* ServiceManager.swift */ = {isa = PBXFileReference; fileEncoding = 4; lastKnownFileType = sourcecode.swift; path = ServiceManager.swift; sourceTree = "<group>"; };
		041A68292438650F000559E8 /* NetworkProtocol.swift */ = {isa = PBXFileReference; fileEncoding = 4; lastKnownFileType = sourcecode.swift; path = NetworkProtocol.swift; sourceTree = "<group>"; };
		041A682B2438650F000559E8 /* NetworkResponse.swift */ = {isa = PBXFileReference; fileEncoding = 4; lastKnownFileType = sourcecode.swift; path = NetworkResponse.swift; sourceTree = "<group>"; };
		041A682D2438650F000559E8 /* ApiClient.swift */ = {isa = PBXFileReference; fileEncoding = 4; lastKnownFileType = sourcecode.swift; path = ApiClient.swift; sourceTree = "<group>"; };
		041A6844243865F9000559E8 /* MovieList.swift */ = {isa = PBXFileReference; lastKnownFileType = sourcecode.swift; path = MovieList.swift; sourceTree = "<group>"; };
		041A68472438667D000559E8 /* MovieListCell.swift */ = {isa = PBXFileReference; lastKnownFileType = sourcecode.swift; path = MovieListCell.swift; sourceTree = "<group>"; };
		041A6849243867A5000559E8 /* MovieListViewModel.swift */ = {isa = PBXFileReference; lastKnownFileType = sourcecode.swift; path = MovieListViewModel.swift; sourceTree = "<group>"; };
		041A684B2438690B000559E8 /* MovieListModel.swift */ = {isa = PBXFileReference; lastKnownFileType = sourcecode.swift; path = MovieListModel.swift; sourceTree = "<group>"; };
		041A684D24386F2E000559E8 /* BaseCollectionViewController.swift */ = {isa = PBXFileReference; lastKnownFileType = sourcecode.swift; path = BaseCollectionViewController.swift; sourceTree = "<group>"; };
		041A685024387842000559E8 /* ShowTimeVC.swift */ = {isa = PBXFileReference; lastKnownFileType = sourcecode.swift; path = ShowTimeVC.swift; sourceTree = "<group>"; };
		041A685224387863000559E8 /* ShowTimeView.swift */ = {isa = PBXFileReference; lastKnownFileType = sourcecode.swift; path = ShowTimeView.swift; sourceTree = "<group>"; };
		041A685424399169000559E8 /* MovieHallModel.swift */ = {isa = PBXFileReference; lastKnownFileType = sourcecode.swift; path = MovieHallModel.swift; sourceTree = "<group>"; };
		041A68562439929E000559E8 /* ShowTimeTable.swift */ = {isa = PBXFileReference; lastKnownFileType = sourcecode.swift; path = ShowTimeTable.swift; sourceTree = "<group>"; };
		041A6858243992BC000559E8 /* ShowTimeTableCell.swift */ = {isa = PBXFileReference; lastKnownFileType = sourcecode.swift; path = ShowTimeTableCell.swift; sourceTree = "<group>"; };
		041A685A243997A1000559E8 /* MovieTimeCell.swift */ = {isa = PBXFileReference; lastKnownFileType = sourcecode.swift; path = MovieTimeCell.swift; sourceTree = "<group>"; };
		041A685E243A3359000559E8 /* BookingVC.swift */ = {isa = PBXFileReference; lastKnownFileType = sourcecode.swift; path = BookingVC.swift; sourceTree = "<group>"; };
		041A6860243A336B000559E8 /* BookingView.swift */ = {isa = PBXFileReference; lastKnownFileType = sourcecode.swift; path = BookingView.swift; sourceTree = "<group>"; };
		041A6862243A3401000559E8 /* BookingCell.swift */ = {isa = PBXFileReference; lastKnownFileType = sourcecode.swift; path = BookingCell.swift; sourceTree = "<group>"; };
		041A6864243A35B2000559E8 /* SeatsModel.swift */ = {isa = PBXFileReference; lastKnownFileType = sourcecode.swift; path = SeatsModel.swift; sourceTree = "<group>"; };
		041A6866243A3B04000559E8 /* BookingViewModel.swift */ = {isa = PBXFileReference; lastKnownFileType = sourcecode.swift; path = BookingViewModel.swift; sourceTree = "<group>"; };
		049139A6243C40EB0002D598 /* BookingToolbar.swift */ = {isa = PBXFileReference; lastKnownFileType = sourcecode.swift; path = BookingToolbar.swift; sourceTree = "<group>"; };
		049139A8243C52D90002D598 /* ShowTimeModel.swift */ = {isa = PBXFileReference; lastKnownFileType = sourcecode.swift; path = ShowTimeModel.swift; sourceTree = "<group>"; };
		049139AB243C6A750002D598 /* TicketsVC.swift */ = {isa = PBXFileReference; lastKnownFileType = sourcecode.swift; path = TicketsVC.swift; sourceTree = "<group>"; };
		049139AD243C6A8C0002D598 /* TicketsView.swift */ = {isa = PBXFileReference; lastKnownFileType = sourcecode.swift; path = TicketsView.swift; sourceTree = "<group>"; };
		049139AF243C6B590002D598 /* TicketsViewModel.swift */ = {isa = PBXFileReference; lastKnownFileType = sourcecode.swift; path = TicketsViewModel.swift; sourceTree = "<group>"; };
		049139B1243C6CCB0002D598 /* TicketsCell.swift */ = {isa = PBXFileReference; lastKnownFileType = sourcecode.swift; path = TicketsCell.swift; sourceTree = "<group>"; };
		0F25D72C0ACD0233E00F3147 /* Pods-MovieBooking.debug.xcconfig */ = {isa = PBXFileReference; includeInIndex = 1; lastKnownFileType = text.xcconfig; name = "Pods-MovieBooking.debug.xcconfig"; path = "Target Support Files/Pods-MovieBooking/Pods-MovieBooking.debug.xcconfig"; sourceTree = "<group>"; };
		AB2F3E3EC528DF3E99E1623A /* Pods_MovieBooking.framework */ = {isa = PBXFileReference; explicitFileType = wrapper.framework; includeInIndex = 0; path = Pods_MovieBooking.framework; sourceTree = BUILT_PRODUCTS_DIR; };
		BC2A1DEF8155B845C8DE3CAA /* Pods-MovieBooking.release.xcconfig */ = {isa = PBXFileReference; includeInIndex = 1; lastKnownFileType = text.xcconfig; name = "Pods-MovieBooking.release.xcconfig"; path = "Target Support Files/Pods-MovieBooking/Pods-MovieBooking.release.xcconfig"; sourceTree = "<group>"; };
/* End PBXFileReference section */

/* Begin PBXFrameworksBuildPhase section */
		041A67E924386477000559E8 /* Frameworks */ = {
			isa = PBXFrameworksBuildPhase;
			buildActionMask = 2147483647;
			files = (
				912721957AC1DD8652D19435 /* Pods_MovieBooking.framework in Frameworks */,
			);
			runOnlyForDeploymentPostprocessing = 0;
		};
/* End PBXFrameworksBuildPhase section */

/* Begin PBXGroup section */
		041A67E324386477000559E8 = {
			isa = PBXGroup;
			children = (
				041A67EE24386477000559E8 /* MovieBooking */,
				041A67ED24386477000559E8 /* Products */,
				243DF2BB0A653F4A20093C84 /* Pods */,
				F19330385FC27069198E5785 /* Frameworks */,
			);
			sourceTree = "<group>";
		};
		041A67ED24386477000559E8 /* Products */ = {
			isa = PBXGroup;
			children = (
				041A67EC24386477000559E8 /* MovieBooking.app */,
			);
			name = Products;
			sourceTree = "<group>";
		};
		041A67EE24386477000559E8 /* MovieBooking */ = {
			isa = PBXGroup;
			children = (
				041A6843243865A1000559E8 /* Modules */,
				041A68212438650F000559E8 /* Network */,
				041A680E2438650E000559E8 /* Utils */,
				041A6804243864E6000559E8 /* Resources */,
				041A6803243864D2000559E8 /* SupportingFiles */,
				041A67F324386477000559E8 /* ViewController.swift */,
				041A67FD24386478000559E8 /* Info.plist */,
			);
			path = MovieBooking;
			sourceTree = "<group>";
		};
		041A6803243864D2000559E8 /* SupportingFiles */ = {
			isa = PBXGroup;
			children = (
				041A67EF24386477000559E8 /* AppDelegate.swift */,
				041A67F124386477000559E8 /* SceneDelegate.swift */,
				041A67FA24386478000559E8 /* LaunchScreen.storyboard */,
			);
			path = SupportingFiles;
			sourceTree = "<group>";
		};
		041A6804243864E6000559E8 /* Resources */ = {
			isa = PBXGroup;
			children = (
				041A6805243864FD000559E8 /* Fonts */,
				041A67F824386478000559E8 /* Assets.xcassets */,
			);
			path = Resources;
			sourceTree = "<group>";
		};
		041A6805243864FD000559E8 /* Fonts */ = {
			isa = PBXGroup;
			children = (
				041A6806243864FD000559E8 /* Poppins-Light.ttf */,
				041A6807243864FD000559E8 /* Poppins-Medium.ttf */,
				041A6808243864FD000559E8 /* Poppins-Regular.ttf */,
				041A6809243864FD000559E8 /* Poppins-Bold.ttf */,
			);
			path = Fonts;
			sourceTree = "<group>";
		};
		041A680E2438650E000559E8 /* Utils */ = {
			isa = PBXGroup;
			children = (
				041A680F2438650E000559E8 /* Constants */,
				041A68142438650E000559E8 /* CustomClasses */,
				041A68182438650E000559E8 /* Extensions */,
				041A681F2438650E000559E8 /* Helpers */,
			);
			path = Utils;
			sourceTree = "<group>";
		};
		041A680F2438650E000559E8 /* Constants */ = {
			isa = PBXGroup;
			children = (
				041A68102438650E000559E8 /* Constants.swift */,
				041A68112438650E000559E8 /* ApiConstants.swift */,
				041A68122438650E000559E8 /* AppColor.swift */,
				041A68132438650E000559E8 /* FontConstants.swift */,
			);
			path = Constants;
			sourceTree = "<group>";
		};
		041A68142438650E000559E8 /* CustomClasses */ = {
			isa = PBXGroup;
			children = (
				041A68152438650E000559E8 /* BaseViewController.swift */,
				041A68162438650E000559E8 /* HorizontalStackView.swift */,
				041A68172438650E000559E8 /* VerticalStackView.swift */,
				041A684D24386F2E000559E8 /* BaseCollectionViewController.swift */,
			);
			path = CustomClasses;
			sourceTree = "<group>";
		};
		041A68182438650E000559E8 /* Extensions */ = {
			isa = PBXGroup;
			children = (
				041A68192438650E000559E8 /* UILabel+Ext.swift */,
				041A681A2438650E000559E8 /* UIImageView+Ext.swift */,
				041A681B2438650E000559E8 /* UIButton+Ext.swift */,
				041A681C2438650E000559E8 /* UIAnchor+Ext.swift */,
				041A681D2438650E000559E8 /* UIViewController+Ext.swift */,
				041A681E2438650E000559E8 /* UIView+Ext.swift */,
			);
			path = Extensions;
			sourceTree = "<group>";
		};
		041A681F2438650E000559E8 /* Helpers */ = {
			isa = PBXGroup;
			children = (
				041A68202438650E000559E8 /* AlertHelper.swift */,
			);
			path = Helpers;
			sourceTree = "<group>";
		};
		041A68212438650F000559E8 /* Network */ = {
			isa = PBXGroup;
			children = (
				041A68222438650F000559E8 /* Routers */,
				041A68242438650F000559E8 /* Managers */,
				041A68262438650F000559E8 /* Protocol */,
				041A682A2438650F000559E8 /* Model */,
				041A682C2438650F000559E8 /* Api */,
			);
			path = Network;
			sourceTree = "<group>";
		};
		041A68222438650F000559E8 /* Routers */ = {
			isa = PBXGroup;
			children = (
				041A68232438650F000559E8 /* ApiRouter.swift */,
			);
			path = Routers;
			sourceTree = "<group>";
		};
		041A68242438650F000559E8 /* Managers */ = {
			isa = PBXGroup;
			children = (
				041A68252438650F000559E8 /* NetworkManager.swift */,
			);
			path = Managers;
			sourceTree = "<group>";
		};
		041A68262438650F000559E8 /* Protocol */ = {
			isa = PBXGroup;
			children = (
				041A68272438650F000559E8 /* EndPointProtocol.swift */,
				041A68282438650F000559E8 /* ServiceManager.swift */,
				041A68292438650F000559E8 /* NetworkProtocol.swift */,
			);
			path = Protocol;
			sourceTree = "<group>";
		};
		041A682A2438650F000559E8 /* Model */ = {
			isa = PBXGroup;
			children = (
				041A682B2438650F000559E8 /* NetworkResponse.swift */,
			);
			path = Model;
			sourceTree = "<group>";
		};
		041A682C2438650F000559E8 /* Api */ = {
			isa = PBXGroup;
			children = (
				041A682D2438650F000559E8 /* ApiClient.swift */,
			);
			path = Api;
			sourceTree = "<group>";
		};
		041A6843243865A1000559E8 /* Modules */ = {
			isa = PBXGroup;
			children = (
				049139AA243C6A690002D598 /* Tickets */,
				041A685D243A3349000559E8 /* Booking */,
				041A685C24399F10000559E8 /* MovieTimings */,
				041A684F24387832000559E8 /* ShowTime */,
				041A68462438660C000559E8 /* MovieList */,
			);
			path = Modules;
			sourceTree = "<group>";
		};
		041A68462438660C000559E8 /* MovieList */ = {
			isa = PBXGroup;
			children = (
				041A6844243865F9000559E8 /* MovieList.swift */,
				041A68472438667D000559E8 /* MovieListCell.swift */,
				041A6849243867A5000559E8 /* MovieListViewModel.swift */,
				041A684B2438690B000559E8 /* MovieListModel.swift */,
			);
			path = MovieList;
			sourceTree = "<group>";
		};
		041A684F24387832000559E8 /* ShowTime */ = {
			isa = PBXGroup;
			children = (
				041A685024387842000559E8 /* ShowTimeVC.swift */,
				041A685224387863000559E8 /* ShowTimeView.swift */,
			);
			path = ShowTime;
			sourceTree = "<group>";
		};
		041A685C24399F10000559E8 /* MovieTimings */ = {
			isa = PBXGroup;
			children = (
				041A68562439929E000559E8 /* ShowTimeTable.swift */,
				041A6858243992BC000559E8 /* ShowTimeTableCell.swift */,
				041A685A243997A1000559E8 /* MovieTimeCell.swift */,
				041A685424399169000559E8 /* MovieHallModel.swift */,
				049139A8243C52D90002D598 /* ShowTimeModel.swift */,
			);
			path = MovieTimings;
			sourceTree = "<group>";
		};
		041A685D243A3349000559E8 /* Booking */ = {
			isa = PBXGroup;
			children = (
				041A685E243A3359000559E8 /* BookingVC.swift */,
				041A6860243A336B000559E8 /* BookingView.swift */,
				041A6862243A3401000559E8 /* BookingCell.swift */,
				041A6864243A35B2000559E8 /* SeatsModel.swift */,
				041A6866243A3B04000559E8 /* BookingViewModel.swift */,
				049139A6243C40EB0002D598 /* BookingToolbar.swift */,
			);
			path = Booking;
			sourceTree = "<group>";
		};
		049139AA243C6A690002D598 /* Tickets */ = {
			isa = PBXGroup;
			children = (
				049139AB243C6A750002D598 /* TicketsVC.swift */,
				049139AD243C6A8C0002D598 /* TicketsView.swift */,
				049139AF243C6B590002D598 /* TicketsViewModel.swift */,
				049139B1243C6CCB0002D598 /* TicketsCell.swift */,
			);
			path = Tickets;
			sourceTree = "<group>";
		};
		243DF2BB0A653F4A20093C84 /* Pods */ = {
			isa = PBXGroup;
			children = (
				0F25D72C0ACD0233E00F3147 /* Pods-MovieBooking.debug.xcconfig */,
				BC2A1DEF8155B845C8DE3CAA /* Pods-MovieBooking.release.xcconfig */,
			);
			path = Pods;
			sourceTree = "<group>";
		};
		F19330385FC27069198E5785 /* Frameworks */ = {
			isa = PBXGroup;
			children = (
				AB2F3E3EC528DF3E99E1623A /* Pods_MovieBooking.framework */,
			);
			name = Frameworks;
			sourceTree = "<group>";
		};
/* End PBXGroup section */

/* Begin PBXNativeTarget section */
		041A67EB24386477000559E8 /* MovieBooking */ = {
			isa = PBXNativeTarget;
			buildConfigurationList = 041A680024386478000559E8 /* Build configuration list for PBXNativeTarget "MovieBooking" */;
			buildPhases = (
				FA96CC84D3203A117591E011 /* [CP] Check Pods Manifest.lock */,
				041A67E824386477000559E8 /* Sources */,
				041A67E924386477000559E8 /* Frameworks */,
				041A67EA24386477000559E8 /* Resources */,
				D1C76BE96B69F665649A63F4 /* [CP] Embed Pods Frameworks */,
			);
			buildRules = (
			);
			dependencies = (
			);
			name = MovieBooking;
			productName = MovieBooking;
			productReference = 041A67EC24386477000559E8 /* MovieBooking.app */;
			productType = "com.apple.product-type.application";
		};
/* End PBXNativeTarget section */

/* Begin PBXProject section */
		041A67E424386477000559E8 /* Project object */ = {
			isa = PBXProject;
			attributes = {
				LastSwiftUpdateCheck = 1130;
				LastUpgradeCheck = 1130;
				ORGANIZATIONNAME = Mac;
				TargetAttributes = {
					041A67EB24386477000559E8 = {
						CreatedOnToolsVersion = 11.3;
					};
				};
			};
			buildConfigurationList = 041A67E724386477000559E8 /* Build configuration list for PBXProject "MovieBooking" */;
			compatibilityVersion = "Xcode 9.3";
			developmentRegion = en;
			hasScannedForEncodings = 0;
			knownRegions = (
				en,
				Base,
			);
			mainGroup = 041A67E324386477000559E8;
			productRefGroup = 041A67ED24386477000559E8 /* Products */;
			projectDirPath = "";
			projectRoot = "";
			targets = (
				041A67EB24386477000559E8 /* MovieBooking */,
			);
		};
/* End PBXProject section */

/* Begin PBXResourcesBuildPhase section */
		041A67EA24386477000559E8 /* Resources */ = {
			isa = PBXResourcesBuildPhase;
			buildActionMask = 2147483647;
			files = (
				041A67FC24386478000559E8 /* LaunchScreen.storyboard in Resources */,
				041A680D243864FD000559E8 /* Poppins-Bold.ttf in Resources */,
				041A680B243864FD000559E8 /* Poppins-Medium.ttf in Resources */,
				041A680A243864FD000559E8 /* Poppins-Light.ttf in Resources */,
				041A67F924386478000559E8 /* Assets.xcassets in Resources */,
				041A680C243864FD000559E8 /* Poppins-Regular.ttf in Resources */,
			);
			runOnlyForDeploymentPostprocessing = 0;
		};
/* End PBXResourcesBuildPhase section */

/* Begin PBXShellScriptBuildPhase section */
		D1C76BE96B69F665649A63F4 /* [CP] Embed Pods Frameworks */ = {
			isa = PBXShellScriptBuildPhase;
			buildActionMask = 2147483647;
			files = (
			);
			inputFileListPaths = (
				"${PODS_ROOT}/Target Support Files/Pods-MovieBooking/Pods-MovieBooking-frameworks-${CONFIGURATION}-input-files.xcfilelist",
			);
			name = "[CP] Embed Pods Frameworks";
			outputFileListPaths = (
				"${PODS_ROOT}/Target Support Files/Pods-MovieBooking/Pods-MovieBooking-frameworks-${CONFIGURATION}-output-files.xcfilelist",
			);
			runOnlyForDeploymentPostprocessing = 0;
			shellPath = /bin/sh;
			shellScript = "\"${PODS_ROOT}/Target Support Files/Pods-MovieBooking/Pods-MovieBooking-frameworks.sh\"\n";
			showEnvVarsInLog = 0;
		};
		FA96CC84D3203A117591E011 /* [CP] Check Pods Manifest.lock */ = {
			isa = PBXShellScriptBuildPhase;
			buildActionMask = 2147483647;
			files = (
			);
			inputFileListPaths = (
			);
			inputPaths = (
				"${PODS_PODFILE_DIR_PATH}/Podfile.lock",
				"${PODS_ROOT}/Manifest.lock",
			);
			name = "[CP] Check Pods Manifest.lock";
			outputFileListPaths = (
			);
			outputPaths = (
				"$(DERIVED_FILE_DIR)/Pods-MovieBooking-checkManifestLockResult.txt",
			);
			runOnlyForDeploymentPostprocessing = 0;
			shellPath = /bin/sh;
			shellScript = "diff \"${PODS_PODFILE_DIR_PATH}/Podfile.lock\" \"${PODS_ROOT}/Manifest.lock\" > /dev/null\nif [ $? != 0 ] ; then\n    # print error to STDERR\n    echo \"error: The sandbox is not in sync with the Podfile.lock. Run 'pod install' or update your CocoaPods installation.\" >&2\n    exit 1\nfi\n# This output is used by Xcode 'outputs' to avoid re-running this script phase.\necho \"SUCCESS\" > \"${SCRIPT_OUTPUT_FILE_0}\"\n";
			showEnvVarsInLog = 0;
		};
/* End PBXShellScriptBuildPhase section */

/* Begin PBXSourcesBuildPhase section */
		041A67E824386477000559E8 /* Sources */ = {
			isa = PBXSourcesBuildPhase;
			buildActionMask = 2147483647;
			files = (
				041A683D2438650F000559E8 /* NetworkManager.swift in Sources */,
				041A685524399169000559E8 /* MovieHallModel.swift in Sources */,
				041A683A2438650F000559E8 /* UIView+Ext.swift in Sources */,
				049139AC243C6A750002D598 /* TicketsVC.swift in Sources */,
				041A68362438650F000559E8 /* UIImageView+Ext.swift in Sources */,
				041A6865243A35B2000559E8 /* SeatsModel.swift in Sources */,
				041A6845243865F9000559E8 /* MovieList.swift in Sources */,
				041A6867243A3B04000559E8 /* BookingViewModel.swift in Sources */,
				041A684C2438690B000559E8 /* MovieListModel.swift in Sources */,
				041A6859243992BC000559E8 /* ShowTimeTableCell.swift in Sources */,
				041A67F424386477000559E8 /* ViewController.swift in Sources */,
				041A68392438650F000559E8 /* UIViewController+Ext.swift in Sources */,
				041A685B243997A1000559E8 /* MovieTimeCell.swift in Sources */,
				041A684E24386F2E000559E8 /* BaseCollectionViewController.swift in Sources */,
				041A68572439929E000559E8 /* ShowTimeTable.swift in Sources */,
				041A685F243A3359000559E8 /* BookingVC.swift in Sources */,
				041A683F2438650F000559E8 /* ServiceManager.swift in Sources */,
				041A68352438650F000559E8 /* UILabel+Ext.swift in Sources */,
				049139B0243C6B590002D598 /* TicketsViewModel.swift in Sources */,
				041A68312438650F000559E8 /* FontConstants.swift in Sources */,
				041A68402438650F000559E8 /* NetworkProtocol.swift in Sources */,
				041A67F024386477000559E8 /* AppDelegate.swift in Sources */,
				041A68412438650F000559E8 /* NetworkResponse.swift in Sources */,
				041A68422438650F000559E8 /* ApiClient.swift in Sources */,
				041A682F2438650F000559E8 /* ApiConstants.swift in Sources */,
				041A68482438667D000559E8 /* MovieListCell.swift in Sources */,
				041A68382438650F000559E8 /* UIAnchor+Ext.swift in Sources */,
				041A67F224386477000559E8 /* SceneDelegate.swift in Sources */,
				041A684A243867A5000559E8 /* MovieListViewModel.swift in Sources */,
				041A685124387842000559E8 /* ShowTimeVC.swift in Sources */,
				041A68322438650F000559E8 /* BaseViewController.swift in Sources */,
				049139A7243C40EB0002D598 /* BookingToolbar.swift in Sources */,
				041A683E2438650F000559E8 /* EndPointProtocol.swift in Sources */,
				041A685324387863000559E8 /* ShowTimeView.swift in Sources */,
				041A68332438650F000559E8 /* HorizontalStackView.swift in Sources */,
				049139AE243C6A8C0002D598 /* TicketsView.swift in Sources */,
				041A683B2438650F000559E8 /* AlertHelper.swift in Sources */,
				041A683C2438650F000559E8 /* ApiRouter.swift in Sources */,
				041A6861243A336B000559E8 /* BookingView.swift in Sources */,
				041A68372438650F000559E8 /* UIButton+Ext.swift in Sources */,
				041A682E2438650F000559E8 /* Constants.swift in Sources */,
				041A6863243A3401000559E8 /* BookingCell.swift in Sources */,
				049139A9243C52D90002D598 /* ShowTimeModel.swift in Sources */,
				049139B2243C6CCB0002D598 /* TicketsCell.swift in Sources */,
				041A68302438650F000559E8 /* AppColor.swift in Sources */,
				041A68342438650F000559E8 /* VerticalStackView.swift in Sources */,
			);
			runOnlyForDeploymentPostprocessing = 0;
		};
/* End PBXSourcesBuildPhase section */

/* Begin PBXVariantGroup section */
		041A67FA24386478000559E8 /* LaunchScreen.storyboard */ = {
			isa = PBXVariantGroup;
			children = (
				041A67FB24386478000559E8 /* Base */,
			);
			name = LaunchScreen.storyboard;
			sourceTree = "<group>";
		};
/* End PBXVariantGroup section */

/* Begin XCBuildConfiguration section */
		041A67FE24386478000559E8 /* Debug */ = {
			isa = XCBuildConfiguration;
			buildSettings = {
				ALWAYS_SEARCH_USER_PATHS = NO;
				CLANG_ANALYZER_NONNULL = YES;
				CLANG_ANALYZER_NUMBER_OBJECT_CONVERSION = YES_AGGRESSIVE;
				CLANG_CXX_LANGUAGE_STANDARD = "gnu++14";
				CLANG_CXX_LIBRARY = "libc++";
				CLANG_ENABLE_MODULES = YES;
				CLANG_ENABLE_OBJC_ARC = YES;
				CLANG_ENABLE_OBJC_WEAK = YES;
				CLANG_WARN_BLOCK_CAPTURE_AUTORELEASING = YES;
				CLANG_WARN_BOOL_CONVERSION = YES;
				CLANG_WARN_COMMA = YES;
				CLANG_WARN_CONSTANT_CONVERSION = YES;
				CLANG_WARN_DEPRECATED_OBJC_IMPLEMENTATIONS = YES;
				CLANG_WARN_DIRECT_OBJC_ISA_USAGE = YES_ERROR;
				CLANG_WARN_DOCUMENTATION_COMMENTS = YES;
				CLANG_WARN_EMPTY_BODY = YES;
				CLANG_WARN_ENUM_CONVERSION = YES;
				CLANG_WARN_INFINITE_RECURSION = YES;
				CLANG_WARN_INT_CONVERSION = YES;
				CLANG_WARN_NON_LITERAL_NULL_CONVERSION = YES;
				CLANG_WARN_OBJC_IMPLICIT_RETAIN_SELF = YES;
				CLANG_WARN_OBJC_LITERAL_CONVERSION = YES;
				CLANG_WARN_OBJC_ROOT_CLASS = YES_ERROR;
				CLANG_WARN_RANGE_LOOP_ANALYSIS = YES;
				CLANG_WARN_STRICT_PROTOTYPES = YES;
				CLANG_WARN_SUSPICIOUS_MOVE = YES;
				CLANG_WARN_UNGUARDED_AVAILABILITY = YES_AGGRESSIVE;
				CLANG_WARN_UNREACHABLE_CODE = YES;
				CLANG_WARN__DUPLICATE_METHOD_MATCH = YES;
				COPY_PHASE_STRIP = NO;
				DEBUG_INFORMATION_FORMAT = dwarf;
				ENABLE_STRICT_OBJC_MSGSEND = YES;
				ENABLE_TESTABILITY = YES;
				GCC_C_LANGUAGE_STANDARD = gnu11;
				GCC_DYNAMIC_NO_PIC = NO;
				GCC_NO_COMMON_BLOCKS = YES;
				GCC_OPTIMIZATION_LEVEL = 0;
				GCC_PREPROCESSOR_DEFINITIONS = (
					"DEBUG=1",
					"$(inherited)",
				);
				GCC_WARN_64_TO_32_BIT_CONVERSION = YES;
				GCC_WARN_ABOUT_RETURN_TYPE = YES_ERROR;
				GCC_WARN_UNDECLARED_SELECTOR = YES;
				GCC_WARN_UNINITIALIZED_AUTOS = YES_AGGRESSIVE;
				GCC_WARN_UNUSED_FUNCTION = YES;
				GCC_WARN_UNUSED_VARIABLE = YES;
				IPHONEOS_DEPLOYMENT_TARGET = 13.2;
				MTL_ENABLE_DEBUG_INFO = INCLUDE_SOURCE;
				MTL_FAST_MATH = YES;
				ONLY_ACTIVE_ARCH = YES;
				SDKROOT = iphoneos;
				SWIFT_ACTIVE_COMPILATION_CONDITIONS = DEBUG;
				SWIFT_OPTIMIZATION_LEVEL = "-Onone";
			};
			name = Debug;
		};
		041A67FF24386478000559E8 /* Release */ = {
			isa = XCBuildConfiguration;
			buildSettings = {
				ALWAYS_SEARCH_USER_PATHS = NO;
				CLANG_ANALYZER_NONNULL = YES;
				CLANG_ANALYZER_NUMBER_OBJECT_CONVERSION = YES_AGGRESSIVE;
				CLANG_CXX_LANGUAGE_STANDARD = "gnu++14";
				CLANG_CXX_LIBRARY = "libc++";
				CLANG_ENABLE_MODULES = YES;
				CLANG_ENABLE_OBJC_ARC = YES;
				CLANG_ENABLE_OBJC_WEAK = YES;
				CLANG_WARN_BLOCK_CAPTURE_AUTORELEASING = YES;
				CLANG_WARN_BOOL_CONVERSION = YES;
				CLANG_WARN_COMMA = YES;
				CLANG_WARN_CONSTANT_CONVERSION = YES;
				CLANG_WARN_DEPRECATED_OBJC_IMPLEMENTATIONS = YES;
				CLANG_WARN_DIRECT_OBJC_ISA_USAGE = YES_ERROR;
				CLANG_WARN_DOCUMENTATION_COMMENTS = YES;
				CLANG_WARN_EMPTY_BODY = YES;
				CLANG_WARN_ENUM_CONVERSION = YES;
				CLANG_WARN_INFINITE_RECURSION = YES;
				CLANG_WARN_INT_CONVERSION = YES;
				CLANG_WARN_NON_LITERAL_NULL_CONVERSION = YES;
				CLANG_WARN_OBJC_IMPLICIT_RETAIN_SELF = YES;
				CLANG_WARN_OBJC_LITERAL_CONVERSION = YES;
				CLANG_WARN_OBJC_ROOT_CLASS = YES_ERROR;
				CLANG_WARN_RANGE_LOOP_ANALYSIS = YES;
				CLANG_WARN_STRICT_PROTOTYPES = YES;
				CLANG_WARN_SUSPICIOUS_MOVE = YES;
				CLANG_WARN_UNGUARDED_AVAILABILITY = YES_AGGRESSIVE;
				CLANG_WARN_UNREACHABLE_CODE = YES;
				CLANG_WARN__DUPLICATE_METHOD_MATCH = YES;
				COPY_PHASE_STRIP = NO;
				DEBUG_INFORMATION_FORMAT = "dwarf-with-dsym";
				ENABLE_NS_ASSERTIONS = NO;
				ENABLE_STRICT_OBJC_MSGSEND = YES;
				GCC_C_LANGUAGE_STANDARD = gnu11;
				GCC_NO_COMMON_BLOCKS = YES;
				GCC_WARN_64_TO_32_BIT_CONVERSION = YES;
				GCC_WARN_ABOUT_RETURN_TYPE = YES_ERROR;
				GCC_WARN_UNDECLARED_SELECTOR = YES;
				GCC_WARN_UNINITIALIZED_AUTOS = YES_AGGRESSIVE;
				GCC_WARN_UNUSED_FUNCTION = YES;
				GCC_WARN_UNUSED_VARIABLE = YES;
				IPHONEOS_DEPLOYMENT_TARGET = 13.2;
				MTL_ENABLE_DEBUG_INFO = NO;
				MTL_FAST_MATH = YES;
				SDKROOT = iphoneos;
				SWIFT_COMPILATION_MODE = wholemodule;
				SWIFT_OPTIMIZATION_LEVEL = "-O";
				VALIDATE_PRODUCT = YES;
			};
			name = Release;
		};
		041A680124386478000559E8 /* Debug */ = {
			isa = XCBuildConfiguration;
			baseConfigurationReference = 0F25D72C0ACD0233E00F3147 /* Pods-MovieBooking.debug.xcconfig */;
			buildSettings = {
				ASSETCATALOG_COMPILER_APPICON_NAME = AppIcon;
				CODE_SIGN_STYLE = Automatic;
				DEVELOPMENT_TEAM = 2LVA8QJKSB;
				INFOPLIST_FILE = MovieBooking/Info.plist;
				LD_RUNPATH_SEARCH_PATHS = (
					"$(inherited)",
					"@executable_path/Frameworks",
				);
				PRODUCT_BUNDLE_IDENTIFIER = com.sujal.moviebooking.MovieBooking;
				PRODUCT_NAME = "$(TARGET_NAME)";
				SWIFT_VERSION = 5.0;
				TARGETED_DEVICE_FAMILY = 1;
			};
			name = Debug;
		};
		041A680224386478000559E8 /* Release */ = {
			isa = XCBuildConfiguration;
			baseConfigurationReference = BC2A1DEF8155B845C8DE3CAA /* Pods-MovieBooking.release.xcconfig */;
			buildSettings = {
				ASSETCATALOG_COMPILER_APPICON_NAME = AppIcon;
				CODE_SIGN_STYLE = Automatic;
				DEVELOPMENT_TEAM = 2LVA8QJKSB;
				INFOPLIST_FILE = MovieBooking/Info.plist;
				LD_RUNPATH_SEARCH_PATHS = (
					"$(inherited)",
					"@executable_path/Frameworks",
				);
				PRODUCT_BUNDLE_IDENTIFIER = com.sujal.moviebooking.MovieBooking;
				PRODUCT_NAME = "$(TARGET_NAME)";
				SWIFT_VERSION = 5.0;
				TARGETED_DEVICE_FAMILY = 1;
			};
			name = Release;
		};
/* End XCBuildConfiguration section */

/* Begin XCConfigurationList section */
		041A67E724386477000559E8 /* Build configuration list for PBXProject "MovieBooking" */ = {
			isa = XCConfigurationList;
			buildConfigurations = (
				041A67FE24386478000559E8 /* Debug */,
				041A67FF24386478000559E8 /* Release */,
			);
			defaultConfigurationIsVisible = 0;
			defaultConfigurationName = Release;
		};
		041A680024386478000559E8 /* Build configuration list for PBXNativeTarget "MovieBooking" */ = {
			isa = XCConfigurationList;
			buildConfigurations = (
				041A680124386478000559E8 /* Debug */,
				041A680224386478000559E8 /* Release */,
			);
			defaultConfigurationIsVisible = 0;
			defaultConfigurationName = Release;
		};
/* End XCConfigurationList section */
	};
	rootObject = 041A67E424386477000559E8 /* Project object */;
}
